// !$*UTF8*$!
{
	archiveVersion = 1;
	classes = {
	};
	objectVersion = 56;
	objects = {

/* Begin PBXBuildFile section */
		018138302C56527100124CB2 /* LandingPageApp.swift in Sources */ = {isa = PBXBuildFile; fileRef = 0181382F2C56527100124CB2 /* LandingPageApp.swift */; };
		018138322C56527100124CB2 /* ContentView.swift in Sources */ = {isa = PBXBuildFile; fileRef = 018138312C56527100124CB2 /* ContentView.swift */; };
		018138342C56527100124CB2 /* Assets.xcassets in Resources */ = {isa = PBXBuildFile; fileRef = 018138332C56527100124CB2 /* Assets.xcassets */; };
		018138372C56527100124CB2 /* Preview Assets.xcassets in Resources */ = {isa = PBXBuildFile; fileRef = 018138362C56527100124CB2 /* Preview Assets.xcassets */; };
		018138412C56527200124CB2 /* LandingPageTests.swift in Sources */ = {isa = PBXBuildFile; fileRef = 018138402C56527200124CB2 /* LandingPageTests.swift */; };
		0181384B2C56527200124CB2 /* LandingPageUITests.swift in Sources */ = {isa = PBXBuildFile; fileRef = 0181384A2C56527200124CB2 /* LandingPageUITests.swift */; };
		0181384D2C56527200124CB2 /* LandingPageUITestsLaunchTests.swift in Sources */ = {isa = PBXBuildFile; fileRef = 0181384C2C56527200124CB2 /* LandingPageUITestsLaunchTests.swift */; };
		0181385B2C56531100124CB2 /* LandingScreen.swift in Sources */ = {isa = PBXBuildFile; fileRef = 0181385A2C56531100124CB2 /* LandingScreen.swift */; };
/* End PBXBuildFile section */

/* Begin PBXContainerItemProxy section */
		0181383D2C56527200124CB2 /* PBXContainerItemProxy */ = {
			isa = PBXContainerItemProxy;
			containerPortal = 018138242C56527100124CB2 /* Project object */;
			proxyType = 1;
			remoteGlobalIDString = 0181382B2C56527100124CB2;
			remoteInfo = LandingPage;
		};
		018138472C56527200124CB2 /* PBXContainerItemProxy */ = {
			isa = PBXContainerItemProxy;
			containerPortal = 018138242C56527100124CB2 /* Project object */;
			proxyType = 1;
			remoteGlobalIDString = 0181382B2C56527100124CB2;
			remoteInfo = LandingPage;
		};
/* End PBXContainerItemProxy section */

/* Begin PBXFileReference section */
		0181382C2C56527100124CB2 /* LandingPage.app */ = {isa = PBXFileReference; explicitFileType = wrapper.application; includeInIndex = 0; path = LandingPage.app; sourceTree = BUILT_PRODUCTS_DIR; };
		0181382F2C56527100124CB2 /* LandingPageApp.swift */ = {isa = PBXFileReference; lastKnownFileType = sourcecode.swift; path = LandingPageApp.swift; sourceTree = "<group>"; };
		018138312C56527100124CB2 /* ContentView.swift */ = {isa = PBXFileReference; lastKnownFileType = sourcecode.swift; path = ContentView.swift; sourceTree = "<group>"; };
		018138332C56527100124CB2 /* Assets.xcassets */ = {isa = PBXFileReference; lastKnownFileType = folder.assetcatalog; path = Assets.xcassets; sourceTree = "<group>"; };
		018138362C56527100124CB2 /* Preview Assets.xcassets */ = {isa = PBXFileReference; lastKnownFileType = folder.assetcatalog; path = "Preview Assets.xcassets"; sourceTree = "<group>"; };
		0181383C2C56527200124CB2 /* LandingPageTests.xctest */ = {isa = PBXFileReference; explicitFileType = wrapper.cfbundle; includeInIndex = 0; path = LandingPageTests.xctest; sourceTree = BUILT_PRODUCTS_DIR; };
		018138402C56527200124CB2 /* LandingPageTests.swift */ = {isa = PBXFileReference; lastKnownFileType = sourcecode.swift; path = LandingPageTests.swift; sourceTree = "<group>"; };
		018138462C56527200124CB2 /* LandingPageUITests.xctest */ = {isa = PBXFileReference; explicitFileType = wrapper.cfbundle; includeInIndex = 0; path = LandingPageUITests.xctest; sourceTree = BUILT_PRODUCTS_DIR; };
		0181384A2C56527200124CB2 /* LandingPageUITests.swift */ = {isa = PBXFileReference; lastKnownFileType = sourcecode.swift; path = LandingPageUITests.swift; sourceTree = "<group>"; };
		0181384C2C56527200124CB2 /* LandingPageUITestsLaunchTests.swift */ = {isa = PBXFileReference; lastKnownFileType = sourcecode.swift; path = LandingPageUITestsLaunchTests.swift; sourceTree = "<group>"; };
		0181385A2C56531100124CB2 /* LandingScreen.swift */ = {isa = PBXFileReference; lastKnownFileType = sourcecode.swift; path = LandingScreen.swift; sourceTree = "<group>"; };
/* End PBXFileReference section */

/* Begin PBXFrameworksBuildPhase section */
		018138292C56527100124CB2 /* Frameworks */ = {
			isa = PBXFrameworksBuildPhase;
			buildActionMask = 2147483647;
			files = (
			);
			runOnlyForDeploymentPostprocessing = 0;
		};
		018138392C56527200124CB2 /* Frameworks */ = {
			isa = PBXFrameworksBuildPhase;
			buildActionMask = 2147483647;
			files = (
			);
			runOnlyForDeploymentPostprocessing = 0;
		};
		018138432C56527200124CB2 /* Frameworks */ = {
			isa = PBXFrameworksBuildPhase;
			buildActionMask = 2147483647;
			files = (
			);
			runOnlyForDeploymentPostprocessing = 0;
		};
/* End PBXFrameworksBuildPhase section */

/* Begin PBXGroup section */
		018138232C56527100124CB2 = {
			isa = PBXGroup;
			children = (
				0181382E2C56527100124CB2 /* LandingPage */,
				0181383F2C56527200124CB2 /* LandingPageTests */,
				018138492C56527200124CB2 /* LandingPageUITests */,
				0181382D2C56527100124CB2 /* Products */,
			);
			sourceTree = "<group>";
		};
		0181382D2C56527100124CB2 /* Products */ = {
			isa = PBXGroup;
			children = (
				0181382C2C56527100124CB2 /* LandingPage.app */,
				0181383C2C56527200124CB2 /* LandingPageTests.xctest */,
				018138462C56527200124CB2 /* LandingPageUITests.xctest */,
			);
			name = Products;
			sourceTree = "<group>";
		};
		0181382E2C56527100124CB2 /* LandingPage */ = {
			isa = PBXGroup;
			children = (
				018138592C5652B400124CB2 /* LandingScreens */,
				0181382F2C56527100124CB2 /* LandingPageApp.swift */,
				018138312C56527100124CB2 /* ContentView.swift */,
				018138332C56527100124CB2 /* Assets.xcassets */,
				018138352C56527100124CB2 /* Preview Content */,
			);
			path = LandingPage;
			sourceTree = "<group>";
		};
		018138352C56527100124CB2 /* Preview Content */ = {
			isa = PBXGroup;
			children = (
				018138362C56527100124CB2 /* Preview Assets.xcassets */,
			);
			path = "Preview Content";
			sourceTree = "<group>";
		};
		0181383F2C56527200124CB2 /* LandingPageTests */ = {
			isa = PBXGroup;
			children = (
				018138402C56527200124CB2 /* LandingPageTests.swift */,
			);
			path = LandingPageTests;
			sourceTree = "<group>";
		};
		018138492C56527200124CB2 /* LandingPageUITests */ = {
			isa = PBXGroup;
			children = (
				0181384A2C56527200124CB2 /* LandingPageUITests.swift */,
				0181384C2C56527200124CB2 /* LandingPageUITestsLaunchTests.swift */,
			);
			path = LandingPageUITests;
			sourceTree = "<group>";
		};
		018138592C5652B400124CB2 /* LandingScreens */ = {
			isa = PBXGroup;
			children = (
				0181385A2C56531100124CB2 /* LandingScreen.swift */,
			);
			path = LandingScreens;
			sourceTree = "<group>";
		};
/* End PBXGroup section */

/* Begin PBXNativeTarget section */
		0181382B2C56527100124CB2 /* LandingPage */ = {
			isa = PBXNativeTarget;
			buildConfigurationList = 018138502C56527200124CB2 /* Build configuration list for PBXNativeTarget "LandingPage" */;
			buildPhases = (
				018138282C56527100124CB2 /* Sources */,
				018138292C56527100124CB2 /* Frameworks */,
				0181382A2C56527100124CB2 /* Resources */,
			);
			buildRules = (
			);
			dependencies = (
			);
			name = LandingPage;
			productName = LandingPage;
			productReference = 0181382C2C56527100124CB2 /* LandingPage.app */;
			productType = "com.apple.product-type.application";
		};
		0181383B2C56527200124CB2 /* LandingPageTests */ = {
			isa = PBXNativeTarget;
			buildConfigurationList = 018138532C56527200124CB2 /* Build configuration list for PBXNativeTarget "LandingPageTests" */;
			buildPhases = (
				018138382C56527200124CB2 /* Sources */,
				018138392C56527200124CB2 /* Frameworks */,
				0181383A2C56527200124CB2 /* Resources */,
			);
			buildRules = (
			);
			dependencies = (
				0181383E2C56527200124CB2 /* PBXTargetDependency */,
			);
			name = LandingPageTests;
			productName = LandingPageTests;
			productReference = 0181383C2C56527200124CB2 /* LandingPageTests.xctest */;
			productType = "com.apple.product-type.bundle.unit-test";
		};
		018138452C56527200124CB2 /* LandingPageUITests */ = {
			isa = PBXNativeTarget;
			buildConfigurationList = 018138562C56527200124CB2 /* Build configuration list for PBXNativeTarget "LandingPageUITests" */;
			buildPhases = (
				018138422C56527200124CB2 /* Sources */,
				018138432C56527200124CB2 /* Frameworks */,
				018138442C56527200124CB2 /* Resources */,
			);
			buildRules = (
			);
			dependencies = (
				018138482C56527200124CB2 /* PBXTargetDependency */,
			);
			name = LandingPageUITests;
			productName = LandingPageUITests;
			productReference = 018138462C56527200124CB2 /* LandingPageUITests.xctest */;
			productType = "com.apple.product-type.bundle.ui-testing";
		};
/* End PBXNativeTarget section */

/* Begin PBXProject section */
		018138242C56527100124CB2 /* Project object */ = {
			isa = PBXProject;
			attributes = {
				BuildIndependentTargetsInParallel = 1;
				LastSwiftUpdateCheck = 1540;
				LastUpgradeCheck = 1540;
				TargetAttributes = {
					0181382B2C56527100124CB2 = {
						CreatedOnToolsVersion = 15.4;
					};
					0181383B2C56527200124CB2 = {
						CreatedOnToolsVersion = 15.4;
						TestTargetID = 0181382B2C56527100124CB2;
					};
					018138452C56527200124CB2 = {
						CreatedOnToolsVersion = 15.4;
						TestTargetID = 0181382B2C56527100124CB2;
					};
				};
			};
			buildConfigurationList = 018138272C56527100124CB2 /* Build configuration list for PBXProject "LandingPage" */;
			compatibilityVersion = "Xcode 14.0";
			developmentRegion = en;
			hasScannedForEncodings = 0;
			knownRegions = (
				en,
				Base,
			);
			mainGroup = 018138232C56527100124CB2;
			productRefGroup = 0181382D2C56527100124CB2 /* Products */;
			projectDirPath = "";
			projectRoot = "";
			targets = (
				0181382B2C56527100124CB2 /* LandingPage */,
				0181383B2C56527200124CB2 /* LandingPageTests */,
				018138452C56527200124CB2 /* LandingPageUITests */,
			);
		};
/* End PBXProject section */

/* Begin PBXResourcesBuildPhase section */
		0181382A2C56527100124CB2 /* Resources */ = {
			isa = PBXResourcesBuildPhase;
			buildActionMask = 2147483647;
			files = (
				018138372C56527100124CB2 /* Preview Assets.xcassets in Resources */,
				018138342C56527100124CB2 /* Assets.xcassets in Resources */,
			);
			runOnlyForDeploymentPostprocessing = 0;
		};
		0181383A2C56527200124CB2 /* Resources */ = {
			isa = PBXResourcesBuildPhase;
			buildActionMask = 2147483647;
			files = (
			);
			runOnlyForDeploymentPostprocessing = 0;
		};
		018138442C56527200124CB2 /* Resources */ = {
			isa = PBXResourcesBuildPhase;
			buildActionMask = 2147483647;
			files = (
			);
			runOnlyForDeploymentPostprocessing = 0;
		};
/* End PBXResourcesBuildPhase section */

/* Begin PBXSourcesBuildPhase section */
		018138282C56527100124CB2 /* Sources */ = {
			isa = PBXSourcesBuildPhase;
			buildActionMask = 2147483647;
			files = (
				018138322C56527100124CB2 /* ContentView.swift in Sources */,
				0181385B2C56531100124CB2 /* LandingScreen.swift in Sources */,
				018138302C56527100124CB2 /* LandingPageApp.swift in Sources */,
			);
			runOnlyForDeploymentPostprocessing = 0;
		};
		018138382C56527200124CB2 /* Sources */ = {
			isa = PBXSourcesBuildPhase;
			buildActionMask = 2147483647;
			files = (
				018138412C56527200124CB2 /* LandingPageTests.swift in Sources */,
			);
			runOnlyForDeploymentPostprocessing = 0;
		};
		018138422C56527200124CB2 /* Sources */ = {
			isa = PBXSourcesBuildPhase;
			buildActionMask = 2147483647;
			files = (
				0181384B2C56527200124CB2 /* LandingPageUITests.swift in Sources */,
				0181384D2C56527200124CB2 /* LandingPageUITestsLaunchTests.swift in Sources */,
			);
			runOnlyForDeploymentPostprocessing = 0;
		};
/* End PBXSourcesBuildPhase section */

/* Begin PBXTargetDependency section */
		0181383E2C56527200124CB2 /* PBXTargetDependency */ = {
			isa = PBXTargetDependency;
			target = 0181382B2C56527100124CB2 /* LandingPage */;
			targetProxy = 0181383D2C56527200124CB2 /* PBXContainerItemProxy */;
		};
		018138482C56527200124CB2 /* PBXTargetDependency */ = {
			isa = PBXTargetDependency;
			target = 0181382B2C56527100124CB2 /* LandingPage */;
			targetProxy = 018138472C56527200124CB2 /* PBXContainerItemProxy */;
		};
/* End PBXTargetDependency section */

/* Begin XCBuildConfiguration section */
		0181384E2C56527200124CB2 /* Debug */ = {
			isa = XCBuildConfiguration;
			buildSettings = {
				ALWAYS_SEARCH_USER_PATHS = NO;
				ASSETCATALOG_COMPILER_GENERATE_SWIFT_ASSET_SYMBOL_EXTENSIONS = YES;
				CLANG_ANALYZER_NONNULL = YES;
				CLANG_ANALYZER_NUMBER_OBJECT_CONVERSION = YES_AGGRESSIVE;
				CLANG_CXX_LANGUAGE_STANDARD = "gnu++20";
				CLANG_ENABLE_MODULES = YES;
				CLANG_ENABLE_OBJC_ARC = YES;
				CLANG_ENABLE_OBJC_WEAK = YES;
				CLANG_WARN_BLOCK_CAPTURE_AUTORELEASING = YES;
				CLANG_WARN_BOOL_CONVERSION = YES;
				CLANG_WARN_COMMA = YES;
				CLANG_WARN_CONSTANT_CONVERSION = YES;
				CLANG_WARN_DEPRECATED_OBJC_IMPLEMENTATIONS = YES;
				CLANG_WARN_DIRECT_OBJC_ISA_USAGE = YES_ERROR;
				CLANG_WARN_DOCUMENTATION_COMMENTS = YES;
				CLANG_WARN_EMPTY_BODY = YES;
				CLANG_WARN_ENUM_CONVERSION = YES;
				CLANG_WARN_INFINITE_RECURSION = YES;
				CLANG_WARN_INT_CONVERSION = YES;
				CLANG_WARN_NON_LITERAL_NULL_CONVERSION = YES;
				CLANG_WARN_OBJC_IMPLICIT_RETAIN_SELF = YES;
				CLANG_WARN_OBJC_LITERAL_CONVERSION = YES;
				CLANG_WARN_OBJC_ROOT_CLASS = YES_ERROR;
				CLANG_WARN_QUOTED_INCLUDE_IN_FRAMEWORK_HEADER = YES;
				CLANG_WARN_RANGE_LOOP_ANALYSIS = YES;
				CLANG_WARN_STRICT_PROTOTYPES = YES;
				CLANG_WARN_SUSPICIOUS_MOVE = YES;
				CLANG_WARN_UNGUARDED_AVAILABILITY = YES_AGGRESSIVE;
				CLANG_WARN_UNREACHABLE_CODE = YES;
				CLANG_WARN__DUPLICATE_METHOD_MATCH = YES;
				COPY_PHASE_STRIP = NO;
				DEBUG_INFORMATION_FORMAT = dwarf;
				ENABLE_STRICT_OBJC_MSGSEND = YES;
				ENABLE_TESTABILITY = YES;
				ENABLE_USER_SCRIPT_SANDBOXING = YES;
				GCC_C_LANGUAGE_STANDARD = gnu17;
				GCC_DYNAMIC_NO_PIC = NO;
				GCC_NO_COMMON_BLOCKS = YES;
				GCC_OPTIMIZATION_LEVEL = 0;
				GCC_PREPROCESSOR_DEFINITIONS = (
					"DEBUG=1",
					"$(inherited)",
				);
				GCC_WARN_64_TO_32_BIT_CONVERSION = YES;
				GCC_WARN_ABOUT_RETURN_TYPE = YES_ERROR;
				GCC_WARN_UNDECLARED_SELECTOR = YES;
				GCC_WARN_UNINITIALIZED_AUTOS = YES_AGGRESSIVE;
				GCC_WARN_UNUSED_FUNCTION = YES;
				GCC_WARN_UNUSED_VARIABLE = YES;
				IPHONEOS_DEPLOYMENT_TARGET = 17.5;
				LOCALIZATION_PREFERS_STRING_CATALOGS = YES;
				MTL_ENABLE_DEBUG_INFO = INCLUDE_SOURCE;
				MTL_FAST_MATH = YES;
				ONLY_ACTIVE_ARCH = YES;
				SDKROOT = iphoneos;
				SWIFT_ACTIVE_COMPILATION_CONDITIONS = "DEBUG $(inherited)";
				SWIFT_OPTIMIZATION_LEVEL = "-Onone";
			};
			name = Debug;
		};
		0181384F2C56527200124CB2 /* Release */ = {
			isa = XCBuildConfiguration;
			buildSettings = {
				ALWAYS_SEARCH_USER_PATHS = NO;
				ASSETCATALOG_COMPILER_GENERATE_SWIFT_ASSET_SYMBOL_EXTENSIONS = YES;
				CLANG_ANALYZER_NONNULL = YES;
				CLANG_ANALYZER_NUMBER_OBJECT_CONVERSION = YES_AGGRESSIVE;
				CLANG_CXX_LANGUAGE_STANDARD = "gnu++20";
				CLANG_ENABLE_MODULES = YES;
				CLANG_ENABLE_OBJC_ARC = YES;
				CLANG_ENABLE_OBJC_WEAK = YES;
				CLANG_WARN_BLOCK_CAPTURE_AUTORELEASING = YES;
				CLANG_WARN_BOOL_CONVERSION = YES;
				CLANG_WARN_COMMA = YES;
				CLANG_WARN_CONSTANT_CONVERSION = YES;
				CLANG_WARN_DEPRECATED_OBJC_IMPLEMENTATIONS = YES;
				CLANG_WARN_DIRECT_OBJC_ISA_USAGE = YES_ERROR;
				CLANG_WARN_DOCUMENTATION_COMMENTS = YES;
				CLANG_WARN_EMPTY_BODY = YES;
				CLANG_WARN_ENUM_CONVERSION = YES;
				CLANG_WARN_INFINITE_RECURSION = YES;
				CLANG_WARN_INT_CONVERSION = YES;
				CLANG_WARN_NON_LITERAL_NULL_CONVERSION = YES;
				CLANG_WARN_OBJC_IMPLICIT_RETAIN_SELF = YES;
				CLANG_WARN_OBJC_LITERAL_CONVERSION = YES;
				CLANG_WARN_OBJC_ROOT_CLASS = YES_ERROR;
				CLANG_WARN_QUOTED_INCLUDE_IN_FRAMEWORK_HEADER = YES;
				CLANG_WARN_RANGE_LOOP_ANALYSIS = YES;
				CLANG_WARN_STRICT_PROTOTYPES = YES;
				CLANG_WARN_SUSPICIOUS_MOVE = YES;
				CLANG_WARN_UNGUARDED_AVAILABILITY = YES_AGGRESSIVE;
				CLANG_WARN_UNREACHABLE_CODE = YES;
				CLANG_WARN__DUPLICATE_METHOD_MATCH = YES;
				COPY_PHASE_STRIP = NO;
				DEBUG_INFORMATION_FORMAT = "dwarf-with-dsym";
				ENABLE_NS_ASSERTIONS = NO;
				ENABLE_STRICT_OBJC_MSGSEND = YES;
				ENABLE_USER_SCRIPT_SANDBOXING = YES;
				GCC_C_LANGUAGE_STANDARD = gnu17;
				GCC_NO_COMMON_BLOCKS = YES;
				GCC_WARN_64_TO_32_BIT_CONVERSION = YES;
				GCC_WARN_ABOUT_RETURN_TYPE = YES_ERROR;
				GCC_WARN_UNDECLARED_SELECTOR = YES;
				GCC_WARN_UNINITIALIZED_AUTOS = YES_AGGRESSIVE;
				GCC_WARN_UNUSED_FUNCTION = YES;
				GCC_WARN_UNUSED_VARIABLE = YES;
				IPHONEOS_DEPLOYMENT_TARGET = 17.5;
				LOCALIZATION_PREFERS_STRING_CATALOGS = YES;
				MTL_ENABLE_DEBUG_INFO = NO;
				MTL_FAST_MATH = YES;
				SDKROOT = iphoneos;
				SWIFT_COMPILATION_MODE = wholemodule;
				VALIDATE_PRODUCT = YES;
			};
			name = Release;
		};
		018138512C56527200124CB2 /* Debug */ = {
			isa = XCBuildConfiguration;
			buildSettings = {
				ASSETCATALOG_COMPILER_APPICON_NAME = AppIcon;
				ASSETCATALOG_COMPILER_GLOBAL_ACCENT_COLOR_NAME = AccentColor;
				CODE_SIGN_STYLE = Automatic;
				CURRENT_PROJECT_VERSION = 1;
				DEVELOPMENT_ASSET_PATHS = "\"LandingPage/Preview Content\"";
				DEVELOPMENT_TEAM = 23N2D8VQWA;
				ENABLE_PREVIEWS = YES;
				GENERATE_INFOPLIST_FILE = YES;
				INFOPLIST_KEY_UIApplicationSceneManifest_Generation = YES;
				INFOPLIST_KEY_UIApplicationSupportsIndirectInputEvents = YES;
				INFOPLIST_KEY_UILaunchScreen_Generation = YES;
				INFOPLIST_KEY_UISupportedInterfaceOrientations_iPad = "UIInterfaceOrientationPortrait UIInterfaceOrientationPortraitUpsideDown UIInterfaceOrientationLandscapeLeft UIInterfaceOrientationLandscapeRight";
				INFOPLIST_KEY_UISupportedInterfaceOrientations_iPhone = "UIInterfaceOrientationPortrait UIInterfaceOrientationLandscapeLeft UIInterfaceOrientationLandscapeRight";
				IPHONEOS_DEPLOYMENT_TARGET = 17.0;
				LD_RUNPATH_SEARCH_PATHS = (
					"$(inherited)",
					"@executable_path/Frameworks",
				);
				MARKETING_VERSION = 1.0;
				PRODUCT_BUNDLE_IDENTIFIER = com.sudipta.welldev.LandingPage;
				PRODUCT_NAME = "$(TARGET_NAME)";
				SWIFT_EMIT_LOC_STRINGS = YES;
				SWIFT_VERSION = 5.0;
				TARGETED_DEVICE_FAMILY = "1,2";
			};
			name = Debug;
		};
		018138522C56527200124CB2 /* Release */ = {
			isa = XCBuildConfiguration;
			buildSettings = {
				ASSETCATALOG_COMPILER_APPICON_NAME = AppIcon;
				ASSETCATALOG_COMPILER_GLOBAL_ACCENT_COLOR_NAME = AccentColor;
				CODE_SIGN_STYLE = Automatic;
				CURRENT_PROJECT_VERSION = 1;
				DEVELOPMENT_ASSET_PATHS = "\"LandingPage/Preview Content\"";
				DEVELOPMENT_TEAM = 23N2D8VQWA;
				ENABLE_PREVIEWS = YES;
				GENERATE_INFOPLIST_FILE = YES;
				INFOPLIST_KEY_UIApplicationSceneManifest_Generation = YES;
				INFOPLIST_KEY_UIApplicationSupportsIndirectInputEvents = YES;
				INFOPLIST_KEY_UILaunchScreen_Generation = YES;
				INFOPLIST_KEY_UISupportedInterfaceOrientations_iPad = "UIInterfaceOrientationPortrait UIInterfaceOrientationPortraitUpsideDown UIInterfaceOrientationLandscapeLeft UIInterfaceOrientationLandscapeRight";
				INFOPLIST_KEY_UISupportedInterfaceOrientations_iPhone = "UIInterfaceOrientationPortrait UIInterfaceOrientationLandscapeLeft UIInterfaceOrientationLandscapeRight";
				IPHONEOS_DEPLOYMENT_TARGET = 17.0;
				LD_RUNPATH_SEARCH_PATHS = (
					"$(inherited)",
					"@executable_path/Frameworks",
				);
				MARKETING_VERSION = 1.0;
				PRODUCT_BUNDLE_IDENTIFIER = com.sudipta.welldev.LandingPage;
				PRODUCT_NAME = "$(TARGET_NAME)";
				SWIFT_EMIT_LOC_STRINGS = YES;
				SWIFT_VERSION = 5.0;
				TARGETED_DEVICE_FAMILY = "1,2";
			};
			name = Release;
		};
		018138542C56527200124CB2 /* Debug */ = {
			isa = XCBuildConfiguration;
			buildSettings = {
				ALWAYS_EMBED_SWIFT_STANDARD_LIBRARIES = YES;
				BUNDLE_LOADER = "$(TEST_HOST)";
				CODE_SIGN_STYLE = Automatic;
				CURRENT_PROJECT_VERSION = 1;
				DEVELOPMENT_TEAM = 23N2D8VQWA;
				GENERATE_INFOPLIST_FILE = YES;
				IPHONEOS_DEPLOYMENT_TARGET = 17.5;
				MARKETING_VERSION = 1.0;
				PRODUCT_BUNDLE_IDENTIFIER = com.sudipta.welldev.LandingPageTests;
				PRODUCT_NAME = "$(TARGET_NAME)";
				SWIFT_EMIT_LOC_STRINGS = NO;
				SWIFT_VERSION = 5.0;
				TARGETED_DEVICE_FAMILY = "1,2";
				TEST_HOST = "$(BUILT_PRODUCTS_DIR)/LandingPage.app/$(BUNDLE_EXECUTABLE_FOLDER_PATH)/LandingPage";
			};
			name = Debug;
		};
		018138552C56527200124CB2 /* Release */ = {
			isa = XCBuildConfiguration;
			buildSettings = {
				ALWAYS_EMBED_SWIFT_STANDARD_LIBRARIES = YES;
				BUNDLE_LOADER = "$(TEST_HOST)";
				CODE_SIGN_STYLE = Automatic;
				CURRENT_PROJECT_VERSION = 1;
				DEVELOPMENT_TEAM = 23N2D8VQWA;
				GENERATE_INFOPLIST_FILE = YES;
				IPHONEOS_DEPLOYMENT_TARGET = 17.5;
				MARKETING_VERSION = 1.0;
				PRODUCT_BUNDLE_IDENTIFIER = com.sudipta.welldev.LandingPageTests;
				PRODUCT_NAME = "$(TARGET_NAME)";
				SWIFT_EMIT_LOC_STRINGS = NO;
				SWIFT_VERSION = 5.0;
				TARGETED_DEVICE_FAMILY = "1,2";
				TEST_HOST = "$(BUILT_PRODUCTS_DIR)/LandingPage.app/$(BUNDLE_EXECUTABLE_FOLDER_PATH)/LandingPage";
			};
			name = Release;
		};
		018138572C56527200124CB2 /* Debug */ = {
			isa = XCBuildConfiguration;
			buildSettings = {
				ALWAYS_EMBED_SWIFT_STANDARD_LIBRARIES = YES;
				CODE_SIGN_STYLE = Automatic;
				CURRENT_PROJECT_VERSION = 1;
				DEVELOPMENT_TEAM = 23N2D8VQWA;
				GENERATE_INFOPLIST_FILE = YES;
				MARKETING_VERSION = 1.0;
				PRODUCT_BUNDLE_IDENTIFIER = com.sudipta.welldev.LandingPageUITests;
				PRODUCT_NAME = "$(TARGET_NAME)";
				SWIFT_EMIT_LOC_STRINGS = NO;
				SWIFT_VERSION = 5.0;
				TARGETED_DEVICE_FAMILY = "1,2";
				TEST_TARGET_NAME = LandingPage;
			};
			name = Debug;
		};
		018138582C56527200124CB2 /* Release */ = {
			isa = XCBuildConfiguration;
			buildSettings = {
				ALWAYS_EMBED_SWIFT_STANDARD_LIBRARIES = YES;
				CODE_SIGN_STYLE = Automatic;
				CURRENT_PROJECT_VERSION = 1;
				DEVELOPMENT_TEAM = 23N2D8VQWA;
				GENERATE_INFOPLIST_FILE = YES;
				MARKETING_VERSION = 1.0;
				PRODUCT_BUNDLE_IDENTIFIER = com.sudipta.welldev.LandingPageUITests;
				PRODUCT_NAME = "$(TARGET_NAME)";
				SWIFT_EMIT_LOC_STRINGS = NO;
				SWIFT_VERSION = 5.0;
				TARGETED_DEVICE_FAMILY = "1,2";
				TEST_TARGET_NAME = LandingPage;
			};
			name = Release;
		};
/* End XCBuildConfiguration section */

/* Begin XCConfigurationList section */
		018138272C56527100124CB2 /* Build configuration list for PBXProject "LandingPage" */ = {
			isa = XCConfigurationList;
			buildConfigurations = (
				0181384E2C56527200124CB2 /* Debug */,
				0181384F2C56527200124CB2 /* Release */,
			);
			defaultConfigurationIsVisible = 0;
			defaultConfigurationName = Release;
		};
		018138502C56527200124CB2 /* Build configuration list for PBXNativeTarget "LandingPage" */ = {
			isa = XCConfigurationList;
			buildConfigurations = (
				018138512C56527200124CB2 /* Debug */,
				018138522C56527200124CB2 /* Release */,
			);
			defaultConfigurationIsVisible = 0;
			defaultConfigurationName = Release;
		};
		018138532C56527200124CB2 /* Build configuration list for PBXNativeTarget "LandingPageTests" */ = {
			isa = XCConfigurationList;
			buildConfigurations = (
				018138542C56527200124CB2 /* Debug */,
				018138552C56527200124CB2 /* Release */,
			);
			defaultConfigurationIsVisible = 0;
			defaultConfigurationName = Release;
		};
		018138562C56527200124CB2 /* Build configuration list for PBXNativeTarget "LandingPageUITests" */ = {
			isa = XCConfigurationList;
			buildConfigurations = (
				018138572C56527200124CB2 /* Debug */,
				018138582C56527200124CB2 /* Release */,
			);
			defaultConfigurationIsVisible = 0;
			defaultConfigurationName = Release;
		};
/* End XCConfigurationList section */
	};
	rootObject = 018138242C56527100124CB2 /* Project object */;
}
